
Microsoft Visual Studio Solution File, Format Version 12.00
# Visual Studio Version 16
VisualStudioVersion = 16.0.28803.156
MinimumVisualStudioVersion = 10.0.40219.1
Project("{FAE04EC0-301F-11D3-BF4B-00C04F79EFBC}") = "ProjectEulerDotNet", "ProjectEulerDotNet\ProjectEulerDotNet.csproj", "{8639179A-5B81-4F16-9AB9-3426669E5D01}"
EndProject
Project("{FAE04EC0-301F-11D3-BF4B-00C04F79EFBC}") = "ProjectEulerDotNetTests", "ProjectEulerDotNetTests2\ProjectEulerDotNetTests.csproj", "{F9F54655-21A0-4ABE-8DFD-0A20468FADDA}"
EndProject
Global
	GlobalSection(SolutionConfigurationPlatforms) = preSolution
		Debug|Any CPU = Debug|Any CPU
		Release|Any CPU = Release|Any CPU
	EndGlobalSection
	GlobalSection(ProjectConfigurationPlatforms) = postSolution
		{8639179A-5B81-4F16-9AB9-3426669E5D01}.Debug|Any CPU.ActiveCfg = Debug|Any CPU
		{8639179A-5B81-4F16-9AB9-3426669E5D01}.Debug|Any CPU.Build.0 = Debug|Any CPU
		{8639179A-5B81-4F16-9AB9-3426669E5D01}.Release|Any CPU.ActiveCfg = Release|Any CPU
		{8639179A-5B81-4F16-9AB9-3426669E5D01}.Release|Any CPU.Build.0 = Release|Any CPU
		{F9F54655-21A0-4ABE-8DFD-0A20468FADDA}.Debug|Any CPU.ActiveCfg = Debug|Any CPU
		{F9F54655-21A0-4ABE-8DFD-0A20468FADDA}.Debug|Any CPU.Build.0 = Debug|Any CPU
		{F9F54655-21A0-4ABE-8DFD-0A20468FADDA}.Release|Any CPU.ActiveCfg = Release|Any CPU
		{F9F54655-21A0-4ABE-8DFD-0A20468FADDA}.Release|Any CPU.Build.0 = Release|Any CPU
	EndGlobalSection
	GlobalSection(SolutionProperties) = preSolution
		HideSolutionNode = FALSE
	EndGlobalSection
	GlobalSection(ExtensibilityGlobals) = postSolution
		SolutionGuid = {0AC03528-C3A2-480B-8022-6AC13A452532}
	EndGlobalSection
EndGlobal
